// !$*UTF8*$!
{
	archiveVersion = 1;
	classes = {
	};
	objectVersion = 52;
	objects = {

/* Begin PBXBuildFile section */
		051F8EB926AF253800E9A056 /* SignupViewModel.swift in Sources */ = {isa = PBXBuildFile; fileRef = 051F8EB826AF253800E9A056 /* SignupViewModel.swift */; };
		051F8EBB26AF25DB00E9A056 /* LoginViewModel.swift in Sources */ = {isa = PBXBuildFile; fileRef = 051F8EBA26AF25DB00E9A056 /* LoginViewModel.swift */; };
		051F8EBD26AF299700E9A056 /* SplashScreenViewModel.swift in Sources */ = {isa = PBXBuildFile; fileRef = 051F8EBC26AF299700E9A056 /* SplashScreenViewModel.swift */; };
		05489E9B26A0C8F800EFC91E /* Youtube_LiteApp.swift in Sources */ = {isa = PBXBuildFile; fileRef = 05489E9A26A0C8F800EFC91E /* Youtube_LiteApp.swift */; };
		05489E9F26A0C8FA00EFC91E /* Assets.xcassets in Resources */ = {isa = PBXBuildFile; fileRef = 05489E9E26A0C8FA00EFC91E /* Assets.xcassets */; };
		05489EA226A0C8FA00EFC91E /* Preview Assets.xcassets in Resources */ = {isa = PBXBuildFile; fileRef = 05489EA126A0C8FA00EFC91E /* Preview Assets.xcassets */; };
		05489EAB26A0CB4C00EFC91E /* LICENSE in Resources */ = {isa = PBXBuildFile; fileRef = 05489EAA26A0CB4C00EFC91E /* LICENSE */; };
		05489EAE26A0CC6B00EFC91E /* AppViewController.swift in Sources */ = {isa = PBXBuildFile; fileRef = 05489EAD26A0CC6B00EFC91E /* AppViewController.swift */; };
		05489EB126A0CCCB00EFC91E /* AppState.swift in Sources */ = {isa = PBXBuildFile; fileRef = 05489EB026A0CCCB00EFC91E /* AppState.swift */; };
		05489EB326A0CD4800EFC91E /* Controller.swift in Sources */ = {isa = PBXBuildFile; fileRef = 05489EB226A0CD4800EFC91E /* Controller.swift */; };
		05489EB626A0CF6000EFC91E /* SplashScreenView.swift in Sources */ = {isa = PBXBuildFile; fileRef = 05489EB526A0CF6000EFC91E /* SplashScreenView.swift */; };
		05489EBC26A0E66100EFC91E /* iActivityIndicator in Frameworks */ = {isa = PBXBuildFile; productRef = 05489EBB26A0E66100EFC91E /* iActivityIndicator */; };
		054DE88826A5E76D006F1A72 /* SwiftUISideMenu.swift in Sources */ = {isa = PBXBuildFile; fileRef = 054DE88726A5E76D006F1A72 /* SwiftUISideMenu.swift */; };
		054DE88C26A5ECDE006F1A72 /* SignupView.swift in Sources */ = {isa = PBXBuildFile; fileRef = 054DE88B26A5ECDE006F1A72 /* SignupView.swift */; };
		054DE88F26A5ECE9006F1A72 /* LoginView.swift in Sources */ = {isa = PBXBuildFile; fileRef = 054DE88E26A5ECE9006F1A72 /* LoginView.swift */; };
		055D2B3226A88B630023BD62 /* FirebaseHelper.swift in Sources */ = {isa = PBXBuildFile; fileRef = 055D2B3126A88B630023BD62 /* FirebaseHelper.swift */; };
		055D2B3426A88B9A0023BD62 /* UsersHelper.swift in Sources */ = {isa = PBXBuildFile; fileRef = 055D2B3326A88B9A0023BD62 /* UsersHelper.swift */; };
		055D2B3A26A88C6D0023BD62 /* GoogleService-Info.plist in Resources */ = {isa = PBXBuildFile; fileRef = 055D2B3926A88C6D0023BD62 /* GoogleService-Info.plist */; };
		055D2B3C26A88EBE0023BD62 /* UserData.swift in Sources */ = {isa = PBXBuildFile; fileRef = 055D2B3B26A88EBE0023BD62 /* UserData.swift */; };
		055D2B3E26A88F380023BD62 /* Authenticator.swift in Sources */ = {isa = PBXBuildFile; fileRef = 055D2B3D26A88F380023BD62 /* Authenticator.swift */; };
		055D2B4026A897D50023BD62 /* MainViewModel.swift in Sources */ = {isa = PBXBuildFile; fileRef = 055D2B3F26A897D50023BD62 /* MainViewModel.swift */; };
		055D2B4226A89D9D0023BD62 /* CombineViewModel.swift in Sources */ = {isa = PBXBuildFile; fileRef = 055D2B4126A89D9D0023BD62 /* CombineViewModel.swift */; };
		055D2B4426A95BFC0023BD62 /* VideoHelper.swift in Sources */ = {isa = PBXBuildFile; fileRef = 055D2B4326A95BFC0023BD62 /* VideoHelper.swift */; };
		055D2B4926A95C360023BD62 /* VideoData.swift in Sources */ = {isa = PBXBuildFile; fileRef = 055D2B4826A95C360023BD62 /* VideoData.swift */; };
		055D2B4B26A95CCE0023BD62 /* Video.swift in Sources */ = {isa = PBXBuildFile; fileRef = 055D2B4A26A95CCE0023BD62 /* Video.swift */; };
		055D2B4E26A95E720023BD62 /* DatabaseHelper.swift in Sources */ = {isa = PBXBuildFile; fileRef = 055D2B4D26A95E720023BD62 /* DatabaseHelper.swift */; };
		055D2B5026A97A240023BD62 /* VideoUtils.swift in Sources */ = {isa = PBXBuildFile; fileRef = 055D2B4F26A97A240023BD62 /* VideoUtils.swift */; };
		055D2B5226A97BBD0023BD62 /* HomeViewModel.swift in Sources */ = {isa = PBXBuildFile; fileRef = 055D2B5126A97BBD0023BD62 /* HomeViewModel.swift */; };
		055D2B5526A99A590023BD62 /* VideoView.swift in Sources */ = {isa = PBXBuildFile; fileRef = 055D2B5426A99A590023BD62 /* VideoView.swift */; };
		055D2B5726A9A2DB0023BD62 /* VideoList.swift in Sources */ = {isa = PBXBuildFile; fileRef = 055D2B5626A9A2DB0023BD62 /* VideoList.swift */; };
		055D2B5926A9A6C30023BD62 /* ThumbnailView.swift in Sources */ = {isa = PBXBuildFile; fileRef = 055D2B5826A9A6C30023BD62 /* ThumbnailView.swift */; };
		055D2B5C26A9A6F50023BD62 /* ThumbnailViewModel.swift in Sources */ = {isa = PBXBuildFile; fileRef = 055D2B5B26A9A6F50023BD62 /* ThumbnailViewModel.swift */; };
		055D2B6326A9AFA20023BD62 /* Gradients.swift in Sources */ = {isa = PBXBuildFile; fileRef = 055D2B6226A9AFA20023BD62 /* Gradients.swift */; };
		055D2B6526A9AFC60023BD62 /* Colors.swift in Sources */ = {isa = PBXBuildFile; fileRef = 055D2B6426A9AFC60023BD62 /* Colors.swift */; };
		055D2B6726A9AFEF0023BD62 /* Images.swift in Sources */ = {isa = PBXBuildFile; fileRef = 055D2B6626A9AFEF0023BD62 /* Images.swift */; };
		055D2B6926AC98330023BD62 /* FullScreenPlayer.swift in Sources */ = {isa = PBXBuildFile; fileRef = 055D2B6826AC98330023BD62 /* FullScreenPlayer.swift */; };
		055D2B6B26ACA7FC0023BD62 /* PeopleViewModel.swift in Sources */ = {isa = PBXBuildFile; fileRef = 055D2B6A26ACA7FC0023BD62 /* PeopleViewModel.swift */; };
		055D2B6D26AD4B1B0023BD62 /* UserUtils.swift in Sources */ = {isa = PBXBuildFile; fileRef = 055D2B6C26AD4B1B0023BD62 /* UserUtils.swift */; };
		055D2B7026AD55BF0023BD62 /* SeeAllView.swift in Sources */ = {isa = PBXBuildFile; fileRef = 055D2B6F26AD55BF0023BD62 /* SeeAllView.swift */; };
		055D2B7226AD5E610023BD62 /* UserViewModel.swift in Sources */ = {isa = PBXBuildFile; fileRef = 055D2B7126AD5E610023BD62 /* UserViewModel.swift */; };
		055D2B7526AD69B70023BD62 /* StarsData.swift in Sources */ = {isa = PBXBuildFile; fileRef = 055D2B7426AD69B70023BD62 /* StarsData.swift */; };
		055D2B7726AD70750023BD62 /* NumberUtils.swift in Sources */ = {isa = PBXBuildFile; fileRef = 055D2B7626AD70750023BD62 /* NumberUtils.swift */; };
		055D2B7A26AD71CC0023BD62 /* RateView.swift in Sources */ = {isa = PBXBuildFile; fileRef = 055D2B7926AD71CC0023BD62 /* RateView.swift */; };
		055D2B7D26AD83A90023BD62 /* ThumbnailHelper.swift in Sources */ = {isa = PBXBuildFile; fileRef = 055D2B7C26AD83A90023BD62 /* ThumbnailHelper.swift */; };
		055D2B7F26AD83CF0023BD62 /* OfflineHelper.swift in Sources */ = {isa = PBXBuildFile; fileRef = 055D2B7E26AD83CF0023BD62 /* OfflineHelper.swift */; };
		055D2B8126AD85A20023BD62 /* ImageHelper.swift in Sources */ = {isa = PBXBuildFile; fileRef = 055D2B8026AD85A20023BD62 /* ImageHelper.swift */; };
		055D2B8326ADAB360023BD62 /* SearchViewModel.swift in Sources */ = {isa = PBXBuildFile; fileRef = 055D2B8226ADAB360023BD62 /* SearchViewModel.swift */; };
		055D2B8526ADC10E0023BD62 /* LoadingView.swift in Sources */ = {isa = PBXBuildFile; fileRef = 055D2B8426ADC10D0023BD62 /* LoadingView.swift */; };
		056A4E2D26A497910094C2C4 /* MainViewController.swift in Sources */ = {isa = PBXBuildFile; fileRef = 056A4E2C26A497910094C2C4 /* MainViewController.swift */; };
		056A4E3126A4981A0094C2C4 /* HomePageView.swift in Sources */ = {isa = PBXBuildFile; fileRef = 056A4E3026A4981A0094C2C4 /* HomePageView.swift */; };
		056A4E3326A4982E0094C2C4 /* PeoplePageView.swift in Sources */ = {isa = PBXBuildFile; fileRef = 056A4E3226A4982E0094C2C4 /* PeoplePageView.swift */; };
		056A4E3526A4983B0094C2C4 /* UploadPageView.swift in Sources */ = {isa = PBXBuildFile; fileRef = 056A4E3426A4983B0094C2C4 /* UploadPageView.swift */; };
		056A4E3726A4A1200094C2C4 /* ViewUtils.swift in Sources */ = {isa = PBXBuildFile; fileRef = 056A4E3626A4A1200094C2C4 /* ViewUtils.swift */; };
		056A4E3A26A4A3CA0094C2C4 /* UserView.swift in Sources */ = {isa = PBXBuildFile; fileRef = 056A4E3926A4A3CA0094C2C4 /* UserView.swift */; };
		056A4E3D26A4A5750094C2C4 /* SearchView.swift in Sources */ = {isa = PBXBuildFile; fileRef = 056A4E3C26A4A5750094C2C4 /* SearchView.swift */; };
		056A4E4126A4A7320094C2C4 /* User.swift in Sources */ = {isa = PBXBuildFile; fileRef = 056A4E4026A4A7320094C2C4 /* User.swift */; };
		056A4E4426A4A7B10094C2C4 /* AuthenticationView.swift in Sources */ = {isa = PBXBuildFile; fileRef = 056A4E4326A4A7B10094C2C4 /* AuthenticationView.swift */; };
		056A4E4726A5E5650094C2C4 /* SwiftUISideMenu in Frameworks */ = {isa = PBXBuildFile; productRef = 056A4E4626A5E5650094C2C4 /* SwiftUISideMenu */; };
		C7C0B616022767926EBC72D2 /* Pods_Youtube_Lite.framework in Frameworks */ = {isa = PBXBuildFile; fileRef = 09470891C746C9435D94EF39 /* Pods_Youtube_Lite.framework */; };
/* End PBXBuildFile section */

/* Begin PBXFileReference section */
		051F8EB826AF253800E9A056 /* SignupViewModel.swift */ = {isa = PBXFileReference; lastKnownFileType = sourcecode.swift; path = SignupViewModel.swift; sourceTree = "<group>"; };
		051F8EBA26AF25DB00E9A056 /* LoginViewModel.swift */ = {isa = PBXFileReference; lastKnownFileType = sourcecode.swift; path = LoginViewModel.swift; sourceTree = "<group>"; };
		051F8EBC26AF299700E9A056 /* SplashScreenViewModel.swift */ = {isa = PBXFileReference; lastKnownFileType = sourcecode.swift; path = SplashScreenViewModel.swift; sourceTree = "<group>"; };
		05489E9726A0C8F800EFC91E /* Youtube Lite.app */ = {isa = PBXFileReference; explicitFileType = wrapper.application; includeInIndex = 0; path = "Youtube Lite.app"; sourceTree = BUILT_PRODUCTS_DIR; };
		05489E9A26A0C8F800EFC91E /* Youtube_LiteApp.swift */ = {isa = PBXFileReference; lastKnownFileType = sourcecode.swift; path = Youtube_LiteApp.swift; sourceTree = "<group>"; };
		05489E9E26A0C8FA00EFC91E /* Assets.xcassets */ = {isa = PBXFileReference; lastKnownFileType = folder.assetcatalog; path = Assets.xcassets; sourceTree = "<group>"; };
		05489EA126A0C8FA00EFC91E /* Preview Assets.xcassets */ = {isa = PBXFileReference; lastKnownFileType = folder.assetcatalog; path = "Preview Assets.xcassets"; sourceTree = "<group>"; };
		05489EA326A0C8FA00EFC91E /* Info.plist */ = {isa = PBXFileReference; lastKnownFileType = text.plist.xml; path = Info.plist; sourceTree = "<group>"; };
		05489EAA26A0CB4C00EFC91E /* LICENSE */ = {isa = PBXFileReference; fileEncoding = 4; lastKnownFileType = text; name = LICENSE; path = "Youtube Lite/SupportingFiles/LICENSE"; sourceTree = SOURCE_ROOT; };
		05489EAD26A0CC6B00EFC91E /* AppViewController.swift */ = {isa = PBXFileReference; lastKnownFileType = sourcecode.swift; path = AppViewController.swift; sourceTree = "<group>"; };
		05489EB026A0CCCB00EFC91E /* AppState.swift */ = {isa = PBXFileReference; lastKnownFileType = sourcecode.swift; path = AppState.swift; sourceTree = "<group>"; };
		05489EB226A0CD4800EFC91E /* Controller.swift */ = {isa = PBXFileReference; lastKnownFileType = sourcecode.swift; path = Controller.swift; sourceTree = "<group>"; };
		05489EB526A0CF6000EFC91E /* SplashScreenView.swift */ = {isa = PBXFileReference; lastKnownFileType = sourcecode.swift; path = SplashScreenView.swift; sourceTree = "<group>"; };
		054DE88726A5E76D006F1A72 /* SwiftUISideMenu.swift */ = {isa = PBXFileReference; lastKnownFileType = sourcecode.swift; path = SwiftUISideMenu.swift; sourceTree = "<group>"; };
		054DE88B26A5ECDE006F1A72 /* SignupView.swift */ = {isa = PBXFileReference; lastKnownFileType = sourcecode.swift; path = SignupView.swift; sourceTree = "<group>"; };
		054DE88E26A5ECE9006F1A72 /* LoginView.swift */ = {isa = PBXFileReference; lastKnownFileType = sourcecode.swift; path = LoginView.swift; sourceTree = "<group>"; };
		055D2B3126A88B630023BD62 /* FirebaseHelper.swift */ = {isa = PBXFileReference; lastKnownFileType = sourcecode.swift; path = FirebaseHelper.swift; sourceTree = "<group>"; };
		055D2B3326A88B9A0023BD62 /* UsersHelper.swift */ = {isa = PBXFileReference; lastKnownFileType = sourcecode.swift; path = UsersHelper.swift; sourceTree = "<group>"; };
		055D2B3926A88C6D0023BD62 /* GoogleService-Info.plist */ = {isa = PBXFileReference; fileEncoding = 4; lastKnownFileType = text.plist.xml; path = "GoogleService-Info.plist"; sourceTree = "<group>"; };
		055D2B3B26A88EBE0023BD62 /* UserData.swift */ = {isa = PBXFileReference; lastKnownFileType = sourcecode.swift; path = UserData.swift; sourceTree = "<group>"; };
		055D2B3D26A88F380023BD62 /* Authenticator.swift */ = {isa = PBXFileReference; lastKnownFileType = sourcecode.swift; path = Authenticator.swift; sourceTree = "<group>"; };
		055D2B3F26A897D50023BD62 /* MainViewModel.swift */ = {isa = PBXFileReference; lastKnownFileType = sourcecode.swift; path = MainViewModel.swift; sourceTree = "<group>"; };
		055D2B4126A89D9D0023BD62 /* CombineViewModel.swift */ = {isa = PBXFileReference; lastKnownFileType = sourcecode.swift; path = CombineViewModel.swift; sourceTree = "<group>"; };
		055D2B4326A95BFC0023BD62 /* VideoHelper.swift */ = {isa = PBXFileReference; lastKnownFileType = sourcecode.swift; path = VideoHelper.swift; sourceTree = "<group>"; };
		055D2B4826A95C360023BD62 /* VideoData.swift */ = {isa = PBXFileReference; lastKnownFileType = sourcecode.swift; path = VideoData.swift; sourceTree = "<group>"; };
		055D2B4A26A95CCE0023BD62 /* Video.swift */ = {isa = PBXFileReference; lastKnownFileType = sourcecode.swift; path = Video.swift; sourceTree = "<group>"; };
		055D2B4D26A95E720023BD62 /* DatabaseHelper.swift */ = {isa = PBXFileReference; lastKnownFileType = sourcecode.swift; path = DatabaseHelper.swift; sourceTree = "<group>"; };
		055D2B4F26A97A240023BD62 /* VideoUtils.swift */ = {isa = PBXFileReference; lastKnownFileType = sourcecode.swift; path = VideoUtils.swift; sourceTree = "<group>"; };
		055D2B5126A97BBD0023BD62 /* HomeViewModel.swift */ = {isa = PBXFileReference; lastKnownFileType = sourcecode.swift; path = HomeViewModel.swift; sourceTree = "<group>"; };
		055D2B5426A99A590023BD62 /* VideoView.swift */ = {isa = PBXFileReference; lastKnownFileType = sourcecode.swift; path = VideoView.swift; sourceTree = "<group>"; };
		055D2B5626A9A2DB0023BD62 /* VideoList.swift */ = {isa = PBXFileReference; lastKnownFileType = sourcecode.swift; path = VideoList.swift; sourceTree = "<group>"; };
		055D2B5826A9A6C30023BD62 /* ThumbnailView.swift */ = {isa = PBXFileReference; lastKnownFileType = sourcecode.swift; path = ThumbnailView.swift; sourceTree = "<group>"; };
		055D2B5B26A9A6F50023BD62 /* ThumbnailViewModel.swift */ = {isa = PBXFileReference; lastKnownFileType = sourcecode.swift; path = ThumbnailViewModel.swift; sourceTree = "<group>"; };
		055D2B6226A9AFA20023BD62 /* Gradients.swift */ = {isa = PBXFileReference; lastKnownFileType = sourcecode.swift; path = Gradients.swift; sourceTree = "<group>"; };
		055D2B6426A9AFC60023BD62 /* Colors.swift */ = {isa = PBXFileReference; lastKnownFileType = sourcecode.swift; path = Colors.swift; sourceTree = "<group>"; };
		055D2B6626A9AFEF0023BD62 /* Images.swift */ = {isa = PBXFileReference; lastKnownFileType = sourcecode.swift; path = Images.swift; sourceTree = "<group>"; };
		055D2B6826AC98330023BD62 /* FullScreenPlayer.swift */ = {isa = PBXFileReference; lastKnownFileType = sourcecode.swift; path = FullScreenPlayer.swift; sourceTree = "<group>"; };
		055D2B6A26ACA7FC0023BD62 /* PeopleViewModel.swift */ = {isa = PBXFileReference; lastKnownFileType = sourcecode.swift; path = PeopleViewModel.swift; sourceTree = "<group>"; };
		055D2B6C26AD4B1B0023BD62 /* UserUtils.swift */ = {isa = PBXFileReference; lastKnownFileType = sourcecode.swift; path = UserUtils.swift; sourceTree = "<group>"; };
		055D2B6F26AD55BF0023BD62 /* SeeAllView.swift */ = {isa = PBXFileReference; lastKnownFileType = sourcecode.swift; path = SeeAllView.swift; sourceTree = "<group>"; };
		055D2B7126AD5E610023BD62 /* UserViewModel.swift */ = {isa = PBXFileReference; lastKnownFileType = sourcecode.swift; path = UserViewModel.swift; sourceTree = "<group>"; };
		055D2B7426AD69B70023BD62 /* StarsData.swift */ = {isa = PBXFileReference; lastKnownFileType = sourcecode.swift; path = StarsData.swift; sourceTree = "<group>"; };
		055D2B7626AD70750023BD62 /* NumberUtils.swift */ = {isa = PBXFileReference; lastKnownFileType = sourcecode.swift; path = NumberUtils.swift; sourceTree = "<group>"; };
		055D2B7926AD71CC0023BD62 /* RateView.swift */ = {isa = PBXFileReference; lastKnownFileType = sourcecode.swift; path = RateView.swift; sourceTree = "<group>"; };
		055D2B7C26AD83A90023BD62 /* ThumbnailHelper.swift */ = {isa = PBXFileReference; lastKnownFileType = sourcecode.swift; path = ThumbnailHelper.swift; sourceTree = "<group>"; };
		055D2B7E26AD83CF0023BD62 /* OfflineHelper.swift */ = {isa = PBXFileReference; lastKnownFileType = sourcecode.swift; path = OfflineHelper.swift; sourceTree = "<group>"; };
		055D2B8026AD85A20023BD62 /* ImageHelper.swift */ = {isa = PBXFileReference; lastKnownFileType = sourcecode.swift; path = ImageHelper.swift; sourceTree = "<group>"; };
		055D2B8226ADAB360023BD62 /* SearchViewModel.swift */ = {isa = PBXFileReference; lastKnownFileType = sourcecode.swift; path = SearchViewModel.swift; sourceTree = "<group>"; };
		055D2B8426ADC10D0023BD62 /* LoadingView.swift */ = {isa = PBXFileReference; lastKnownFileType = sourcecode.swift; path = LoadingView.swift; sourceTree = "<group>"; };
		056A4E2C26A497910094C2C4 /* MainViewController.swift */ = {isa = PBXFileReference; lastKnownFileType = sourcecode.swift; path = MainViewController.swift; sourceTree = "<group>"; };
		056A4E3026A4981A0094C2C4 /* HomePageView.swift */ = {isa = PBXFileReference; lastKnownFileType = sourcecode.swift; path = HomePageView.swift; sourceTree = "<group>"; };
		056A4E3226A4982E0094C2C4 /* PeoplePageView.swift */ = {isa = PBXFileReference; lastKnownFileType = sourcecode.swift; path = PeoplePageView.swift; sourceTree = "<group>"; };
		056A4E3426A4983B0094C2C4 /* UploadPageView.swift */ = {isa = PBXFileReference; lastKnownFileType = sourcecode.swift; path = UploadPageView.swift; sourceTree = "<group>"; };
		056A4E3626A4A1200094C2C4 /* ViewUtils.swift */ = {isa = PBXFileReference; lastKnownFileType = sourcecode.swift; path = ViewUtils.swift; sourceTree = "<group>"; };
		056A4E3926A4A3CA0094C2C4 /* UserView.swift */ = {isa = PBXFileReference; lastKnownFileType = sourcecode.swift; path = UserView.swift; sourceTree = "<group>"; };
		056A4E3C26A4A5750094C2C4 /* SearchView.swift */ = {isa = PBXFileReference; lastKnownFileType = sourcecode.swift; path = SearchView.swift; sourceTree = "<group>"; };
		056A4E4026A4A7320094C2C4 /* User.swift */ = {isa = PBXFileReference; lastKnownFileType = sourcecode.swift; path = User.swift; sourceTree = "<group>"; };
		056A4E4326A4A7B10094C2C4 /* AuthenticationView.swift */ = {isa = PBXFileReference; lastKnownFileType = sourcecode.swift; path = AuthenticationView.swift; sourceTree = "<group>"; };
		09470891C746C9435D94EF39 /* Pods_Youtube_Lite.framework */ = {isa = PBXFileReference; explicitFileType = wrapper.framework; includeInIndex = 0; path = Pods_Youtube_Lite.framework; sourceTree = BUILT_PRODUCTS_DIR; };
		5CC761511AAE22308A082EC7 /* Pods-Youtube Lite.debug.xcconfig */ = {isa = PBXFileReference; includeInIndex = 1; lastKnownFileType = text.xcconfig; name = "Pods-Youtube Lite.debug.xcconfig"; path = "Target Support Files/Pods-Youtube Lite/Pods-Youtube Lite.debug.xcconfig"; sourceTree = "<group>"; };
		668556C879C60B106A189E23 /* Pods-Youtube Lite.release.xcconfig */ = {isa = PBXFileReference; includeInIndex = 1; lastKnownFileType = text.xcconfig; name = "Pods-Youtube Lite.release.xcconfig"; path = "Target Support Files/Pods-Youtube Lite/Pods-Youtube Lite.release.xcconfig"; sourceTree = "<group>"; };
/* End PBXFileReference section */

/* Begin PBXFrameworksBuildPhase section */
		05489E9426A0C8F800EFC91E /* Frameworks */ = {
			isa = PBXFrameworksBuildPhase;
			buildActionMask = 2147483647;
			files = (
				056A4E4726A5E5650094C2C4 /* SwiftUISideMenu in Frameworks */,
				05489EBC26A0E66100EFC91E /* iActivityIndicator in Frameworks */,
				C7C0B616022767926EBC72D2 /* Pods_Youtube_Lite.framework in Frameworks */,
			);
			runOnlyForDeploymentPostprocessing = 0;
		};
/* End PBXFrameworksBuildPhase section */

/* Begin PBXGroup section */
		051F8EBE26AF2E5300E9A056 /* App */ = {
			isa = PBXGroup;
			children = (
				05489EAD26A0CC6B00EFC91E /* AppViewController.swift */,
			);
			path = App;
			sourceTree = "<group>";
		};
		051F8EBF26AF2E5700E9A056 /* Main */ = {
			isa = PBXGroup;
			children = (
				056A4E2C26A497910094C2C4 /* MainViewController.swift */,
				055D2B3F26A897D50023BD62 /* MainViewModel.swift */,
			);
			path = Main;
			sourceTree = "<group>";
		};
		05489E8E26A0C8F800EFC91E = {
			isa = PBXGroup;
			children = (
				05489E9926A0C8F800EFC91E /* Youtube Lite */,
				05489E9826A0C8F800EFC91E /* Products */,
				0D6C047FE8C926018FAA9D90 /* Pods */,
				655AC7559401E0BCFCAE2C5E /* Frameworks */,
			);
			sourceTree = "<group>";
		};
		05489E9826A0C8F800EFC91E /* Products */ = {
			isa = PBXGroup;
			children = (
				05489E9726A0C8F800EFC91E /* Youtube Lite.app */,
			);
			name = Products;
			sourceTree = "<group>";
		};
		05489E9926A0C8F800EFC91E /* Youtube Lite */ = {
			isa = PBXGroup;
			children = (
				055D2B5D26A9AD690023BD62 /* Model */,
				055D2B7B26AD83940023BD62 /* Offline */,
				055D2B3026A88B540023BD62 /* Online */,
				055D2B6026A9AE120023BD62 /* SupportingFiles */,
				05489EA926A0C92700EFC91E /* UI */,
				055D2B5E26A9ADB50023BD62 /* Utils */,
			);
			path = "Youtube Lite";
			sourceTree = "<group>";
		};
		05489EA026A0C8FA00EFC91E /* Preview Content */ = {
			isa = PBXGroup;
			children = (
				05489EA126A0C8FA00EFC91E /* Preview Assets.xcassets */,
			);
			path = "Preview Content";
			sourceTree = "<group>";
		};
		05489EA926A0C92700EFC91E /* UI */ = {
			isa = PBXGroup;
			children = (
				055D2B6126A9AE4C0023BD62 /* Views */,
				05489EAC26A0CC5400EFC91E /* Controllers */,
			);
			path = UI;
			sourceTree = "<group>";
		};
		05489EAC26A0CC5400EFC91E /* Controllers */ = {
			isa = PBXGroup;
			children = (
				051F8EBE26AF2E5300E9A056 /* App */,
				051F8EBF26AF2E5700E9A056 /* Main */,
			);
			path = Controllers;
			sourceTree = "<group>";
		};
		05489EB426A0CF4900EFC91E /* Splash */ = {
			isa = PBXGroup;
			children = (
				05489EB526A0CF6000EFC91E /* SplashScreenView.swift */,
				051F8EBC26AF299700E9A056 /* SplashScreenViewModel.swift */,
			);
			path = Splash;
			sourceTree = "<group>";
		};
		05489EB726A0D15800EFC91E /* Assets */ = {
			isa = PBXGroup;
			children = (
				055D2B6226A9AFA20023BD62 /* Gradients.swift */,
				055D2B6426A9AFC60023BD62 /* Colors.swift */,
				055D2B6626A9AFEF0023BD62 /* Images.swift */,
			);
			path = Assets;
			sourceTree = "<group>";
		};
		054DE88226A5E6C3006F1A72 /* SideMenu */ = {
			isa = PBXGroup;
			children = (
				054DE88726A5E76D006F1A72 /* SwiftUISideMenu.swift */,
			);
			path = SideMenu;
			sourceTree = "<group>";
		};
		054DE88926A5ECC8006F1A72 /* Login */ = {
			isa = PBXGroup;
			children = (
				054DE88E26A5ECE9006F1A72 /* LoginView.swift */,
				051F8EBA26AF25DB00E9A056 /* LoginViewModel.swift */,
			);
			path = Login;
			sourceTree = "<group>";
		};
		054DE88A26A5ECD1006F1A72 /* Signup */ = {
			isa = PBXGroup;
			children = (
				054DE88B26A5ECDE006F1A72 /* SignupView.swift */,
				051F8EB826AF253800E9A056 /* SignupViewModel.swift */,
			);
			path = Signup;
			sourceTree = "<group>";
		};
		055D2B3026A88B540023BD62 /* Online */ = {
			isa = PBXGroup;
			children = (
				055D2B4C26A95E660023BD62 /* Database */,
				055D2B3D26A88F380023BD62 /* Authenticator.swift */,
				055D2B3126A88B630023BD62 /* FirebaseHelper.swift */,
			);
			path = Online;
			sourceTree = "<group>";
		};
		055D2B4726A95C2E0023BD62 /* Video */ = {
			isa = PBXGroup;
			children = (
				055D2B4826A95C360023BD62 /* VideoData.swift */,
				055D2B4A26A95CCE0023BD62 /* Video.swift */,
			);
			path = Video;
			sourceTree = "<group>";
		};
		055D2B4C26A95E660023BD62 /* Database */ = {
			isa = PBXGroup;
			children = (
				055D2B3326A88B9A0023BD62 /* UsersHelper.swift */,
				055D2B4326A95BFC0023BD62 /* VideoHelper.swift */,
				055D2B4D26A95E720023BD62 /* DatabaseHelper.swift */,
			);
			path = Database;
			sourceTree = "<group>";
		};
		055D2B5326A99A4B0023BD62 /* Video */ = {
			isa = PBXGroup;
			children = (
				055D2B5426A99A590023BD62 /* VideoView.swift */,
				055D2B5626A9A2DB0023BD62 /* VideoList.swift */,
			);
			path = Video;
			sourceTree = "<group>";
		};
		055D2B5A26A9A6E00023BD62 /* Thumbnail */ = {
			isa = PBXGroup;
			children = (
				055D2B5826A9A6C30023BD62 /* ThumbnailView.swift */,
				055D2B5B26A9A6F50023BD62 /* ThumbnailViewModel.swift */,
			);
			path = Thumbnail;
			sourceTree = "<group>";
		};
		055D2B5D26A9AD690023BD62 /* Model */ = {
			isa = PBXGroup;
			children = (
				055D2B7326AD69920023BD62 /* Stars */,
				056A4E3F26A4A7260094C2C4 /* User */,
				055D2B4726A95C2E0023BD62 /* Video */,
			);
			path = Model;
			sourceTree = "<group>";
		};
		055D2B5E26A9ADB50023BD62 /* Utils */ = {
			isa = PBXGroup;
			children = (
				055D2B5F26A9ADD10023BD62 /* UI */,
				05489EB726A0D15800EFC91E /* Assets */,
			);
			path = Utils;
			sourceTree = "<group>";
		};
		055D2B5F26A9ADD10023BD62 /* UI */ = {
			isa = PBXGroup;
			children = (
				05489EB226A0CD4800EFC91E /* Controller.swift */,
				05489EB026A0CCCB00EFC91E /* AppState.swift */,
				056A4E3626A4A1200094C2C4 /* ViewUtils.swift */,
				055D2B4126A89D9D0023BD62 /* CombineViewModel.swift */,
				055D2B4F26A97A240023BD62 /* VideoUtils.swift */,
				055D2B6826AC98330023BD62 /* FullScreenPlayer.swift */,
				055D2B6C26AD4B1B0023BD62 /* UserUtils.swift */,
				055D2B7626AD70750023BD62 /* NumberUtils.swift */,
				055D2B8426ADC10D0023BD62 /* LoadingView.swift */,
				054DE88226A5E6C3006F1A72 /* SideMenu */,
			);
			path = UI;
			sourceTree = "<group>";
		};
		055D2B6026A9AE120023BD62 /* SupportingFiles */ = {
			isa = PBXGroup;
			children = (
				05489EA026A0C8FA00EFC91E /* Preview Content */,
				055D2B3926A88C6D0023BD62 /* GoogleService-Info.plist */,
				05489EAA26A0CB4C00EFC91E /* LICENSE */,
				05489E9A26A0C8F800EFC91E /* Youtube_LiteApp.swift */,
				05489E9E26A0C8FA00EFC91E /* Assets.xcassets */,
				05489EA326A0C8FA00EFC91E /* Info.plist */,
			);
			path = SupportingFiles;
			sourceTree = "<group>";
		};
		055D2B6126A9AE4C0023BD62 /* Views */ = {
			isa = PBXGroup;
			children = (
				056A4E4226A4A7A60094C2C4 /* Authentication */,
				056A4E2B26A497770094C2C4 /* Home */,
				056A4E2E26A497F60094C2C4 /* People */,
				055D2B7826AD71C00023BD62 /* Rating */,
				056A4E3B26A4A56A0094C2C4 /* Search */,
				055D2B6E26AD55B00023BD62 /* SeeAll */,
				05489EB426A0CF4900EFC91E /* Splash */,
				055D2B5A26A9A6E00023BD62 /* Thumbnail */,
				056A4E2F26A498070094C2C4 /* Upload */,
				056A4E3826A4A3C00094C2C4 /* User */,
				055D2B5326A99A4B0023BD62 /* Video */,
			);
			path = Views;
			sourceTree = "<group>";
		};
		055D2B6E26AD55B00023BD62 /* SeeAll */ = {
			isa = PBXGroup;
			children = (
				055D2B6F26AD55BF0023BD62 /* SeeAllView.swift */,
			);
			path = SeeAll;
			sourceTree = "<group>";
		};
		055D2B7326AD69920023BD62 /* Stars */ = {
			isa = PBXGroup;
			children = (
				055D2B7426AD69B70023BD62 /* StarsData.swift */,
			);
			path = Stars;
			sourceTree = "<group>";
		};
		055D2B7826AD71C00023BD62 /* Rating */ = {
			isa = PBXGroup;
			children = (
				055D2B7926AD71CC0023BD62 /* RateView.swift */,
			);
			path = Rating;
			sourceTree = "<group>";
		};
		055D2B7B26AD83940023BD62 /* Offline */ = {
			isa = PBXGroup;
			children = (
				055D2B7C26AD83A90023BD62 /* ThumbnailHelper.swift */,
				055D2B7E26AD83CF0023BD62 /* OfflineHelper.swift */,
				055D2B8026AD85A20023BD62 /* ImageHelper.swift */,
			);
			path = Offline;
			sourceTree = "<group>";
		};
		056A4E2B26A497770094C2C4 /* Home */ = {
			isa = PBXGroup;
			children = (
				056A4E3026A4981A0094C2C4 /* HomePageView.swift */,
				055D2B5126A97BBD0023BD62 /* HomeViewModel.swift */,
			);
			path = Home;
			sourceTree = "<group>";
		};
		056A4E2E26A497F60094C2C4 /* People */ = {
			isa = PBXGroup;
			children = (
				056A4E3226A4982E0094C2C4 /* PeoplePageView.swift */,
				055D2B6A26ACA7FC0023BD62 /* PeopleViewModel.swift */,
			);
			path = People;
			sourceTree = "<group>";
		};
		056A4E2F26A498070094C2C4 /* Upload */ = {
			isa = PBXGroup;
			children = (
				056A4E3426A4983B0094C2C4 /* UploadPageView.swift */,
			);
			path = Upload;
			sourceTree = "<group>";
		};
		056A4E3826A4A3C00094C2C4 /* User */ = {
			isa = PBXGroup;
			children = (
				056A4E3926A4A3CA0094C2C4 /* UserView.swift */,
				055D2B7126AD5E610023BD62 /* UserViewModel.swift */,
			);
			path = User;
			sourceTree = "<group>";
		};
		056A4E3B26A4A56A0094C2C4 /* Search */ = {
			isa = PBXGroup;
			children = (
				056A4E3C26A4A5750094C2C4 /* SearchView.swift */,
				055D2B8226ADAB360023BD62 /* SearchViewModel.swift */,
			);
			path = Search;
			sourceTree = "<group>";
		};
		056A4E3F26A4A7260094C2C4 /* User */ = {
			isa = PBXGroup;
			children = (
				056A4E4026A4A7320094C2C4 /* User.swift */,
				055D2B3B26A88EBE0023BD62 /* UserData.swift */,
			);
			path = User;
			sourceTree = "<group>";
		};
		056A4E4226A4A7A60094C2C4 /* Authentication */ = {
			isa = PBXGroup;
			children = (
				054DE88A26A5ECD1006F1A72 /* Signup */,
				054DE88926A5ECC8006F1A72 /* Login */,
				056A4E4326A4A7B10094C2C4 /* AuthenticationView.swift */,
			);
			path = Authentication;
			sourceTree = "<group>";
		};
		0D6C047FE8C926018FAA9D90 /* Pods */ = {
			isa = PBXGroup;
			children = (
				5CC761511AAE22308A082EC7 /* Pods-Youtube Lite.debug.xcconfig */,
				668556C879C60B106A189E23 /* Pods-Youtube Lite.release.xcconfig */,
			);
			path = Pods;
			sourceTree = "<group>";
		};
		655AC7559401E0BCFCAE2C5E /* Frameworks */ = {
			isa = PBXGroup;
			children = (
				09470891C746C9435D94EF39 /* Pods_Youtube_Lite.framework */,
			);
			name = Frameworks;
			sourceTree = "<group>";
		};
/* End PBXGroup section */

/* Begin PBXNativeTarget section */
		05489E9626A0C8F800EFC91E /* Youtube Lite */ = {
			isa = PBXNativeTarget;
			buildConfigurationList = 05489EA626A0C8FA00EFC91E /* Build configuration list for PBXNativeTarget "Youtube Lite" */;
			buildPhases = (
				0E3BD5F3F3AC64B0598FE39F /* [CP] Check Pods Manifest.lock */,
				05489E9326A0C8F800EFC91E /* Sources */,
				05489E9426A0C8F800EFC91E /* Frameworks */,
				05489E9526A0C8F800EFC91E /* Resources */,
				0DC955C064548F427457AF7F /* [CP] Embed Pods Frameworks */,
			);
			buildRules = (
			);
			dependencies = (
			);
			name = "Youtube Lite";
			packageProductDependencies = (
				05489EBB26A0E66100EFC91E /* iActivityIndicator */,
				056A4E4626A5E5650094C2C4 /* SwiftUISideMenu */,
			);
			productName = "Youtube Lite";
			productReference = 05489E9726A0C8F800EFC91E /* Youtube Lite.app */;
			productType = "com.apple.product-type.application";
		};
/* End PBXNativeTarget section */

/* Begin PBXProject section */
		05489E8F26A0C8F800EFC91E /* Project object */ = {
			isa = PBXProject;
			attributes = {
				LastSwiftUpdateCheck = 1250;
				LastUpgradeCheck = 1250;
				TargetAttributes = {
					05489E9626A0C8F800EFC91E = {
						CreatedOnToolsVersion = 12.5.1;
					};
				};
			};
			buildConfigurationList = 05489E9226A0C8F800EFC91E /* Build configuration list for PBXProject "Youtube Lite" */;
			compatibilityVersion = "Xcode 9.3";
			developmentRegion = en;
			hasScannedForEncodings = 0;
			knownRegions = (
				en,
				Base,
			);
			mainGroup = 05489E8E26A0C8F800EFC91E;
			packageReferences = (
				05489EBA26A0E66100EFC91E /* XCRemoteSwiftPackageReference "iActivityIndicator" */,
				056A4E4526A5E5650094C2C4 /* XCRemoteSwiftPackageReference "swiftui-side-menu" */,
			);
			productRefGroup = 05489E9826A0C8F800EFC91E /* Products */;
			projectDirPath = "";
			projectRoot = "";
			targets = (
				05489E9626A0C8F800EFC91E /* Youtube Lite */,
			);
		};
/* End PBXProject section */

/* Begin PBXResourcesBuildPhase section */
		05489E9526A0C8F800EFC91E /* Resources */ = {
			isa = PBXResourcesBuildPhase;
			buildActionMask = 2147483647;
			files = (
				05489EAB26A0CB4C00EFC91E /* LICENSE in Resources */,
				055D2B3A26A88C6D0023BD62 /* GoogleService-Info.plist in Resources */,
				05489EA226A0C8FA00EFC91E /* Preview Assets.xcassets in Resources */,
				05489E9F26A0C8FA00EFC91E /* Assets.xcassets in Resources */,
			);
			runOnlyForDeploymentPostprocessing = 0;
		};
/* End PBXResourcesBuildPhase section */

/* Begin PBXShellScriptBuildPhase section */
		0DC955C064548F427457AF7F /* [CP] Embed Pods Frameworks */ = {
			isa = PBXShellScriptBuildPhase;
			buildActionMask = 2147483647;
			files = (
			);
			inputFileListPaths = (
				"${PODS_ROOT}/Target Support Files/Pods-Youtube Lite/Pods-Youtube Lite-frameworks-${CONFIGURATION}-input-files.xcfilelist",
			);
			name = "[CP] Embed Pods Frameworks";
			outputFileListPaths = (
				"${PODS_ROOT}/Target Support Files/Pods-Youtube Lite/Pods-Youtube Lite-frameworks-${CONFIGURATION}-output-files.xcfilelist",
			);
			runOnlyForDeploymentPostprocessing = 0;
			shellPath = /bin/sh;
			shellScript = "\"${PODS_ROOT}/Target Support Files/Pods-Youtube Lite/Pods-Youtube Lite-frameworks.sh\"\n";
			showEnvVarsInLog = 0;
		};
		0E3BD5F3F3AC64B0598FE39F /* [CP] Check Pods Manifest.lock */ = {
			isa = PBXShellScriptBuildPhase;
			buildActionMask = 2147483647;
			files = (
			);
			inputFileListPaths = (
			);
			inputPaths = (
				"${PODS_PODFILE_DIR_PATH}/Podfile.lock",
				"${PODS_ROOT}/Manifest.lock",
			);
			name = "[CP] Check Pods Manifest.lock";
			outputFileListPaths = (
			);
			outputPaths = (
				"$(DERIVED_FILE_DIR)/Pods-Youtube Lite-checkManifestLockResult.txt",
			);
			runOnlyForDeploymentPostprocessing = 0;
			shellPath = /bin/sh;
			shellScript = "diff \"${PODS_PODFILE_DIR_PATH}/Podfile.lock\" \"${PODS_ROOT}/Manifest.lock\" > /dev/null\nif [ $? != 0 ] ; then\n    # print error to STDERR\n    echo \"error: The sandbox is not in sync with the Podfile.lock. Run 'pod install' or update your CocoaPods installation.\" >&2\n    exit 1\nfi\n# This output is used by Xcode 'outputs' to avoid re-running this script phase.\necho \"SUCCESS\" > \"${SCRIPT_OUTPUT_FILE_0}\"\n";
			showEnvVarsInLog = 0;
		};
/* End PBXShellScriptBuildPhase section */

/* Begin PBXSourcesBuildPhase section */
		05489E9326A0C8F800EFC91E /* Sources */ = {
			isa = PBXSourcesBuildPhase;
			buildActionMask = 2147483647;
			files = (
				054DE88C26A5ECDE006F1A72 /* SignupView.swift in Sources */,
				055D2B6526A9AFC60023BD62 /* Colors.swift in Sources */,
				05489EB326A0CD4800EFC91E /* Controller.swift in Sources */,
				055D2B3426A88B9A0023BD62 /* UsersHelper.swift in Sources */,
				055D2B8126AD85A20023BD62 /* ImageHelper.swift in Sources */,
				054DE88826A5E76D006F1A72 /* SwiftUISideMenu.swift in Sources */,
				055D2B3226A88B630023BD62 /* FirebaseHelper.swift in Sources */,
				055D2B5C26A9A6F50023BD62 /* ThumbnailViewModel.swift in Sources */,
				056A4E3726A4A1200094C2C4 /* ViewUtils.swift in Sources */,
				055D2B3E26A88F380023BD62 /* Authenticator.swift in Sources */,
				056A4E3326A4982E0094C2C4 /* PeoplePageView.swift in Sources */,
				055D2B5726A9A2DB0023BD62 /* VideoList.swift in Sources */,
				055D2B8526ADC10E0023BD62 /* LoadingView.swift in Sources */,
				055D2B4226A89D9D0023BD62 /* CombineViewModel.swift in Sources */,
				055D2B6726A9AFEF0023BD62 /* Images.swift in Sources */,
				055D2B5926A9A6C30023BD62 /* ThumbnailView.swift in Sources */,
				055D2B4426A95BFC0023BD62 /* VideoHelper.swift in Sources */,
				051F8EBD26AF299700E9A056 /* SplashScreenViewModel.swift in Sources */,
				056A4E2D26A497910094C2C4 /* MainViewController.swift in Sources */,
				05489EAE26A0CC6B00EFC91E /* AppViewController.swift in Sources */,
				055D2B8326ADAB360023BD62 /* SearchViewModel.swift in Sources */,
				055D2B7F26AD83CF0023BD62 /* OfflineHelper.swift in Sources */,
				055D2B4B26A95CCE0023BD62 /* Video.swift in Sources */,
				055D2B6D26AD4B1B0023BD62 /* UserUtils.swift in Sources */,
				055D2B6926AC98330023BD62 /* FullScreenPlayer.swift in Sources */,
				055D2B7026AD55BF0023BD62 /* SeeAllView.swift in Sources */,
				055D2B7526AD69B70023BD62 /* StarsData.swift in Sources */,
				051F8EB926AF253800E9A056 /* SignupViewModel.swift in Sources */,
				056A4E3526A4983B0094C2C4 /* UploadPageView.swift in Sources */,
				055D2B7D26AD83A90023BD62 /* ThumbnailHelper.swift in Sources */,
				055D2B4E26A95E720023BD62 /* DatabaseHelper.swift in Sources */,
				056A4E4126A4A7320094C2C4 /* User.swift in Sources */,
				05489E9B26A0C8F800EFC91E /* Youtube_LiteApp.swift in Sources */,
				055D2B5026A97A240023BD62 /* VideoUtils.swift in Sources */,
				055D2B7226AD5E610023BD62 /* UserViewModel.swift in Sources */,
				055D2B4926A95C360023BD62 /* VideoData.swift in Sources */,
				055D2B7726AD70750023BD62 /* NumberUtils.swift in Sources */,
				05489EB126A0CCCB00EFC91E /* AppState.swift in Sources */,
				056A4E3D26A4A5750094C2C4 /* SearchView.swift in Sources */,
				055D2B3C26A88EBE0023BD62 /* UserData.swift in Sources */,
				055D2B6326A9AFA20023BD62 /* Gradients.swift in Sources */,
				055D2B6B26ACA7FC0023BD62 /* PeopleViewModel.swift in Sources */,
				056A4E3A26A4A3CA0094C2C4 /* UserView.swift in Sources */,
				055D2B7A26AD71CC0023BD62 /* RateView.swift in Sources */,
				056A4E3126A4981A0094C2C4 /* HomePageView.swift in Sources */,
				051F8EBB26AF25DB00E9A056 /* LoginViewModel.swift in Sources */,
				054DE88F26A5ECE9006F1A72 /* LoginView.swift in Sources */,
				056A4E4426A4A7B10094C2C4 /* AuthenticationView.swift in Sources */,
				055D2B5526A99A590023BD62 /* VideoView.swift in Sources */,
				05489EB626A0CF6000EFC91E /* SplashScreenView.swift in Sources */,
				055D2B5226A97BBD0023BD62 /* HomeViewModel.swift in Sources */,
				055D2B4026A897D50023BD62 /* MainViewModel.swift in Sources */,
			);
			runOnlyForDeploymentPostprocessing = 0;
		};
/* End PBXSourcesBuildPhase section */

/* Begin XCBuildConfiguration section */
		05489EA426A0C8FA00EFC91E /* Debug */ = {
			isa = XCBuildConfiguration;
			buildSettings = {
				ALWAYS_SEARCH_USER_PATHS = NO;
				CLANG_ANALYZER_NONNULL = YES;
				CLANG_ANALYZER_NUMBER_OBJECT_CONVERSION = YES_AGGRESSIVE;
				CLANG_CXX_LANGUAGE_STANDARD = "gnu++14";
				CLANG_CXX_LIBRARY = "libc++";
				CLANG_ENABLE_MODULES = YES;
				CLANG_ENABLE_OBJC_ARC = YES;
				CLANG_ENABLE_OBJC_WEAK = YES;
				CLANG_WARN_BLOCK_CAPTURE_AUTORELEASING = YES;
				CLANG_WARN_BOOL_CONVERSION = YES;
				CLANG_WARN_COMMA = YES;
				CLANG_WARN_CONSTANT_CONVERSION = YES;
				CLANG_WARN_DEPRECATED_OBJC_IMPLEMENTATIONS = YES;
				CLANG_WARN_DIRECT_OBJC_ISA_USAGE = YES_ERROR;
				CLANG_WARN_DOCUMENTATION_COMMENTS = YES;
				CLANG_WARN_EMPTY_BODY = YES;
				CLANG_WARN_ENUM_CONVERSION = YES;
				CLANG_WARN_INFINITE_RECURSION = YES;
				CLANG_WARN_INT_CONVERSION = YES;
				CLANG_WARN_NON_LITERAL_NULL_CONVERSION = YES;
				CLANG_WARN_OBJC_IMPLICIT_RETAIN_SELF = YES;
				CLANG_WARN_OBJC_LITERAL_CONVERSION = YES;
				CLANG_WARN_OBJC_ROOT_CLASS = YES_ERROR;
				CLANG_WARN_QUOTED_INCLUDE_IN_FRAMEWORK_HEADER = YES;
				CLANG_WARN_RANGE_LOOP_ANALYSIS = YES;
				CLANG_WARN_STRICT_PROTOTYPES = YES;
				CLANG_WARN_SUSPICIOUS_MOVE = YES;
				CLANG_WARN_UNGUARDED_AVAILABILITY = YES_AGGRESSIVE;
				CLANG_WARN_UNREACHABLE_CODE = YES;
				CLANG_WARN__DUPLICATE_METHOD_MATCH = YES;
				COPY_PHASE_STRIP = NO;
				DEBUG_INFORMATION_FORMAT = dwarf;
				ENABLE_STRICT_OBJC_MSGSEND = YES;
				ENABLE_TESTABILITY = YES;
				GCC_C_LANGUAGE_STANDARD = gnu11;
				GCC_DYNAMIC_NO_PIC = NO;
				GCC_NO_COMMON_BLOCKS = YES;
				GCC_OPTIMIZATION_LEVEL = 0;
				GCC_PREPROCESSOR_DEFINITIONS = (
					"DEBUG=1",
					"$(inherited)",
				);
				GCC_WARN_64_TO_32_BIT_CONVERSION = YES;
				GCC_WARN_ABOUT_RETURN_TYPE = YES_ERROR;
				GCC_WARN_UNDECLARED_SELECTOR = YES;
				GCC_WARN_UNINITIALIZED_AUTOS = YES_AGGRESSIVE;
				GCC_WARN_UNUSED_FUNCTION = YES;
				GCC_WARN_UNUSED_VARIABLE = YES;
				IPHONEOS_DEPLOYMENT_TARGET = 14.5;
				MTL_ENABLE_DEBUG_INFO = INCLUDE_SOURCE;
				MTL_FAST_MATH = YES;
				ONLY_ACTIVE_ARCH = YES;
				SDKROOT = iphoneos;
				SWIFT_ACTIVE_COMPILATION_CONDITIONS = DEBUG;
				SWIFT_OPTIMIZATION_LEVEL = "-Onone";
			};
			name = Debug;
		};
		05489EA526A0C8FA00EFC91E /* Release */ = {
			isa = XCBuildConfiguration;
			buildSettings = {
				ALWAYS_SEARCH_USER_PATHS = NO;
				CLANG_ANALYZER_NONNULL = YES;
				CLANG_ANALYZER_NUMBER_OBJECT_CONVERSION = YES_AGGRESSIVE;
				CLANG_CXX_LANGUAGE_STANDARD = "gnu++14";
				CLANG_CXX_LIBRARY = "libc++";
				CLANG_ENABLE_MODULES = YES;
				CLANG_ENABLE_OBJC_ARC = YES;
				CLANG_ENABLE_OBJC_WEAK = YES;
				CLANG_WARN_BLOCK_CAPTURE_AUTORELEASING = YES;
				CLANG_WARN_BOOL_CONVERSION = YES;
				CLANG_WARN_COMMA = YES;
				CLANG_WARN_CONSTANT_CONVERSION = YES;
				CLANG_WARN_DEPRECATED_OBJC_IMPLEMENTATIONS = YES;
				CLANG_WARN_DIRECT_OBJC_ISA_USAGE = YES_ERROR;
				CLANG_WARN_DOCUMENTATION_COMMENTS = YES;
				CLANG_WARN_EMPTY_BODY = YES;
				CLANG_WARN_ENUM_CONVERSION = YES;
				CLANG_WARN_INFINITE_RECURSION = YES;
				CLANG_WARN_INT_CONVERSION = YES;
				CLANG_WARN_NON_LITERAL_NULL_CONVERSION = YES;
				CLANG_WARN_OBJC_IMPLICIT_RETAIN_SELF = YES;
				CLANG_WARN_OBJC_LITERAL_CONVERSION = YES;
				CLANG_WARN_OBJC_ROOT_CLASS = YES_ERROR;
				CLANG_WARN_QUOTED_INCLUDE_IN_FRAMEWORK_HEADER = YES;
				CLANG_WARN_RANGE_LOOP_ANALYSIS = YES;
				CLANG_WARN_STRICT_PROTOTYPES = YES;
				CLANG_WARN_SUSPICIOUS_MOVE = YES;
				CLANG_WARN_UNGUARDED_AVAILABILITY = YES_AGGRESSIVE;
				CLANG_WARN_UNREACHABLE_CODE = YES;
				CLANG_WARN__DUPLICATE_METHOD_MATCH = YES;
				COPY_PHASE_STRIP = NO;
				DEBUG_INFORMATION_FORMAT = "dwarf-with-dsym";
				ENABLE_NS_ASSERTIONS = NO;
				ENABLE_STRICT_OBJC_MSGSEND = YES;
				GCC_C_LANGUAGE_STANDARD = gnu11;
				GCC_NO_COMMON_BLOCKS = YES;
				GCC_WARN_64_TO_32_BIT_CONVERSION = YES;
				GCC_WARN_ABOUT_RETURN_TYPE = YES_ERROR;
				GCC_WARN_UNDECLARED_SELECTOR = YES;
				GCC_WARN_UNINITIALIZED_AUTOS = YES_AGGRESSIVE;
				GCC_WARN_UNUSED_FUNCTION = YES;
				GCC_WARN_UNUSED_VARIABLE = YES;
				IPHONEOS_DEPLOYMENT_TARGET = 14.5;
				MTL_ENABLE_DEBUG_INFO = NO;
				MTL_FAST_MATH = YES;
				SDKROOT = iphoneos;
				SWIFT_COMPILATION_MODE = wholemodule;
				SWIFT_OPTIMIZATION_LEVEL = "-O";
				VALIDATE_PRODUCT = YES;
			};
			name = Release;
		};
		05489EA726A0C8FA00EFC91E /* Debug */ = {
			isa = XCBuildConfiguration;
			baseConfigurationReference = 5CC761511AAE22308A082EC7 /* Pods-Youtube Lite.debug.xcconfig */;
			buildSettings = {
				ASSETCATALOG_COMPILER_APPICON_NAME = AppIcon;
				ASSETCATALOG_COMPILER_GLOBAL_ACCENT_COLOR_NAME = AccentColor;
				CODE_SIGN_STYLE = Automatic;
				DEVELOPMENT_ASSET_PATHS = "\"Youtube Lite/SupportingFiles/Preview Content\"";
				DEVELOPMENT_TEAM = QCGPKU6443;
				ENABLE_PREVIEWS = YES;
				INFOPLIST_FILE = "Youtube Lite/SupportingFiles/Info.plist";
				IPHONEOS_DEPLOYMENT_TARGET = 14.0;
				LD_RUNPATH_SEARCH_PATHS = (
					"$(inherited)",
					"@executable_path/Frameworks",
				);
				PRODUCT_BUNDLE_IDENTIFIER = "com.lorin.Youtube-Lite";
				PRODUCT_NAME = "$(TARGET_NAME)";
				SWIFT_VERSION = 5.0;
				TARGETED_DEVICE_FAMILY = "1,2";
			};
			name = Debug;
		};
		05489EA826A0C8FA00EFC91E /* Release */ = {
			isa = XCBuildConfiguration;
			baseConfigurationReference = 668556C879C60B106A189E23 /* Pods-Youtube Lite.release.xcconfig */;
			buildSettings = {
				ASSETCATALOG_COMPILER_APPICON_NAME = AppIcon;
				ASSETCATALOG_COMPILER_GLOBAL_ACCENT_COLOR_NAME = AccentColor;
				CODE_SIGN_STYLE = Automatic;
				DEVELOPMENT_ASSET_PATHS = "\"Youtube Lite/SupportingFiles/Preview Content\"";
				DEVELOPMENT_TEAM = QCGPKU6443;
				ENABLE_PREVIEWS = YES;
				INFOPLIST_FILE = "Youtube Lite/SupportingFiles/Info.plist";
				IPHONEOS_DEPLOYMENT_TARGET = 14.0;
				LD_RUNPATH_SEARCH_PATHS = (
					"$(inherited)",
					"@executable_path/Frameworks",
				);
				PRODUCT_BUNDLE_IDENTIFIER = "com.lorin.Youtube-Lite";
				PRODUCT_NAME = "$(TARGET_NAME)";
				SWIFT_VERSION = 5.0;
				TARGETED_DEVICE_FAMILY = "1,2";
			};
			name = Release;
		};
/* End XCBuildConfiguration section */

/* Begin XCConfigurationList section */
		05489E9226A0C8F800EFC91E /* Build configuration list for PBXProject "Youtube Lite" */ = {
			isa = XCConfigurationList;
			buildConfigurations = (
				05489EA426A0C8FA00EFC91E /* Debug */,
				05489EA526A0C8FA00EFC91E /* Release */,
			);
			defaultConfigurationIsVisible = 0;
			defaultConfigurationName = Release;
		};
		05489EA626A0C8FA00EFC91E /* Build configuration list for PBXNativeTarget "Youtube Lite" */ = {
			isa = XCConfigurationList;
			buildConfigurations = (
				05489EA726A0C8FA00EFC91E /* Debug */,
				05489EA826A0C8FA00EFC91E /* Release */,
			);
			defaultConfigurationIsVisible = 0;
			defaultConfigurationName = Release;
		};
/* End XCConfigurationList section */

/* Begin XCRemoteSwiftPackageReference section */
		05489EBA26A0E66100EFC91E /* XCRemoteSwiftPackageReference "iActivityIndicator" */ = {
			isa = XCRemoteSwiftPackageReference;
			repositoryURL = "https://github.com/MojtabaHs/iActivityIndicator.git";
			requirement = {
				kind = upToNextMajorVersion;
				minimumVersion = 0.4.1;
			};
		};
		056A4E4526A5E5650094C2C4 /* XCRemoteSwiftPackageReference "swiftui-side-menu" */ = {
			isa = XCRemoteSwiftPackageReference;
			repositoryURL = "https://github.com/globulus/swiftui-side-menu.git";
			requirement = {
				kind = upToNextMajorVersion;
				minimumVersion = 1.0.0;
			};
		};
/* End XCRemoteSwiftPackageReference section */

/* Begin XCSwiftPackageProductDependency section */
		05489EBB26A0E66100EFC91E /* iActivityIndicator */ = {
			isa = XCSwiftPackageProductDependency;
			package = 05489EBA26A0E66100EFC91E /* XCRemoteSwiftPackageReference "iActivityIndicator" */;
			productName = iActivityIndicator;
		};
		056A4E4626A5E5650094C2C4 /* SwiftUISideMenu */ = {
			isa = XCSwiftPackageProductDependency;
			package = 056A4E4526A5E5650094C2C4 /* XCRemoteSwiftPackageReference "swiftui-side-menu" */;
			productName = SwiftUISideMenu;
		};
/* End XCSwiftPackageProductDependency section */
	};
	rootObject = 05489E8F26A0C8F800EFC91E /* Project object */;
}
